// !$*UTF8*$!
{
	archiveVersion = 1;
	classes = {
	};
	objectVersion = 56;
	objects = {

/* Begin PBXBuildFile section */
		83B613BA29FD0E5600DC23FB /* MeditationApp.swift in Sources */ = {isa = PBXBuildFile; fileRef = 83B613B929FD0E5600DC23FB /* MeditationApp.swift */; };
		83B613BC29FD0E5600DC23FB /* ContentView.swift in Sources */ = {isa = PBXBuildFile; fileRef = 83B613BB29FD0E5600DC23FB /* ContentView.swift */; };
		83B613BE29FD0E5A00DC23FB /* Assets.xcassets in Resources */ = {isa = PBXBuildFile; fileRef = 83B613BD29FD0E5A00DC23FB /* Assets.xcassets */; };
		83B613C129FD0E5A00DC23FB /* Preview Assets.xcassets in Resources */ = {isa = PBXBuildFile; fileRef = 83B613C029FD0E5A00DC23FB /* Preview Assets.xcassets */; };
		83B613C829FD140A00DC23FB /* MeditationView.swift in Sources */ = {isa = PBXBuildFile; fileRef = 83B613C729FD140A00DC23FB /* MeditationView.swift */; };
		83B613CA29FD2ACC00DC23FB /* PlayerView.swift in Sources */ = {isa = PBXBuildFile; fileRef = 83B613C929FD2ACC00DC23FB /* PlayerView.swift */; };
		83B613CC29FD305400DC23FB /* PlaybackControllButton.swift in Sources */ = {isa = PBXBuildFile; fileRef = 83B613CB29FD305400DC23FB /* PlaybackControllButton.swift */; };
		83B613CE29FD57DA00DC23FB /* MeditationViewModel.swift in Sources */ = {isa = PBXBuildFile; fileRef = 83B613CD29FD57DA00DC23FB /* MeditationViewModel.swift */; };
		83B613D029FD6CC100DC23FB /* Extentions.swift in Sources */ = {isa = PBXBuildFile; fileRef = 83B613CF29FD6CC100DC23FB /* Extentions.swift */; };
		83B613D229FD81E900DC23FB /* AudioManager.swift in Sources */ = {isa = PBXBuildFile; fileRef = 83B613D129FD81E900DC23FB /* AudioManager.swift */; };
		83B613D529FEC61C00DC23FB /* moonshine.mp3 in Resources */ = {isa = PBXBuildFile; fileRef = 83B613D429FEC61C00DC23FB /* moonshine.mp3 */; };
/* End PBXBuildFile section */

/* Begin PBXFileReference section */
		83B613B629FD0E5600DC23FB /* Meditation.app */ = {isa = PBXFileReference; explicitFileType = wrapper.application; includeInIndex = 0; path = Meditation.app; sourceTree = BUILT_PRODUCTS_DIR; };
		83B613B929FD0E5600DC23FB /* MeditationApp.swift */ = {isa = PBXFileReference; lastKnownFileType = sourcecode.swift; path = MeditationApp.swift; sourceTree = "<group>"; };
		83B613BB29FD0E5600DC23FB /* ContentView.swift */ = {isa = PBXFileReference; lastKnownFileType = sourcecode.swift; path = ContentView.swift; sourceTree = "<group>"; };
		83B613BD29FD0E5A00DC23FB /* Assets.xcassets */ = {isa = PBXFileReference; lastKnownFileType = folder.assetcatalog; path = Assets.xcassets; sourceTree = "<group>"; };
		83B613C029FD0E5A00DC23FB /* Preview Assets.xcassets */ = {isa = PBXFileReference; lastKnownFileType = folder.assetcatalog; path = "Preview Assets.xcassets"; sourceTree = "<group>"; };
		83B613C729FD140A00DC23FB /* MeditationView.swift */ = {isa = PBXFileReference; lastKnownFileType = sourcecode.swift; path = MeditationView.swift; sourceTree = "<group>"; };
		83B613C929FD2ACC00DC23FB /* PlayerView.swift */ = {isa = PBXFileReference; lastKnownFileType = sourcecode.swift; path = PlayerView.swift; sourceTree = "<group>"; };
		83B613CB29FD305400DC23FB /* PlaybackControllButton.swift */ = {isa = PBXFileReference; lastKnownFileType = sourcecode.swift; path = PlaybackControllButton.swift; sourceTree = "<group>"; };
		83B613CD29FD57DA00DC23FB /* MeditationViewModel.swift */ = {isa = PBXFileReference; lastKnownFileType = sourcecode.swift; path = MeditationViewModel.swift; sourceTree = "<group>"; };
		83B613CF29FD6CC100DC23FB /* Extentions.swift */ = {isa = PBXFileReference; lastKnownFileType = sourcecode.swift; path = Extentions.swift; sourceTree = "<group>"; };
		83B613D129FD81E900DC23FB /* AudioManager.swift */ = {isa = PBXFileReference; lastKnownFileType = sourcecode.swift; path = AudioManager.swift; sourceTree = "<group>"; };
		83B613D329FEC4FC00DC23FB /* Info.plist */ = {isa = PBXFileReference; lastKnownFileType = text.plist; path = Info.plist; sourceTree = "<group>"; };
		83B613D429FEC61C00DC23FB /* moonshine.mp3 */ = {isa = PBXFileReference; lastKnownFileType = audio.mp3; path = moonshine.mp3; sourceTree = "<group>"; };
/* End PBXFileReference section */

/* Begin PBXFrameworksBuildPhase section */
		83B613B329FD0E5600DC23FB /* Frameworks */ = {
			isa = PBXFrameworksBuildPhase;
			buildActionMask = 2147483647;
			files = (
			);
			runOnlyForDeploymentPostprocessing = 0;
		};
/* End PBXFrameworksBuildPhase section */

/* Begin PBXGroup section */
		83B613AD29FD0E5600DC23FB = {
			isa = PBXGroup;
			children = (
				83B613B829FD0E5600DC23FB /* Meditation */,
				83B613B729FD0E5600DC23FB /* Products */,
			);
			sourceTree = "<group>";
		};
		83B613B729FD0E5600DC23FB /* Products */ = {
			isa = PBXGroup;
			children = (
				83B613B629FD0E5600DC23FB /* Meditation.app */,
			);
			name = Products;
			sourceTree = "<group>";
		};
		83B613B829FD0E5600DC23FB /* Meditation */ = {
			isa = PBXGroup;
			children = (
				83B613D329FEC4FC00DC23FB /* Info.plist */,
				83B613B929FD0E5600DC23FB /* MeditationApp.swift */,
				83E695712A0696890037AF6B /* View */,
				83B613CB29FD305400DC23FB /* PlaybackControllButton.swift */,
				83B613CD29FD57DA00DC23FB /* MeditationViewModel.swift */,
				83B613D129FD81E900DC23FB /* AudioManager.swift */,
				83B613CF29FD6CC100DC23FB /* Extentions.swift */,
				83B613BD29FD0E5A00DC23FB /* Assets.xcassets */,
				83B613D429FEC61C00DC23FB /* moonshine.mp3 */,
				83B613BF29FD0E5A00DC23FB /* Preview Content */,
			);
			path = Meditation;
			sourceTree = "<group>";
		};
		83B613BF29FD0E5A00DC23FB /* Preview Content */ = {
			isa = PBXGroup;
			children = (
				83B613C029FD0E5A00DC23FB /* Preview Assets.xcassets */,
			);
			path = "Preview Content";
			sourceTree = "<group>";
		};
		83E695712A0696890037AF6B /* View */ = {
			isa = PBXGroup;
			children = (
				83B613BB29FD0E5600DC23FB /* ContentView.swift */,
				83B613C729FD140A00DC23FB /* MeditationView.swift */,
				83B613C929FD2ACC00DC23FB /* PlayerView.swift */,
			);
			path = View;
			sourceTree = "<group>";
		};
/* End PBXGroup section */

/* Begin PBXNativeTarget section */
		83B613B529FD0E5600DC23FB /* Meditation */ = {
			isa = PBXNativeTarget;
			buildConfigurationList = 83B613C429FD0E5A00DC23FB /* Build configuration list for PBXNativeTarget "Meditation" */;
			buildPhases = (
				83B613B229FD0E5600DC23FB /* Sources */,
				83B613B329FD0E5600DC23FB /* Frameworks */,
				83B613B429FD0E5600DC23FB /* Resources */,
			);
			buildRules = (
			);
			dependencies = (
			);
			name = Meditation;
			productName = Meditation;
			productReference = 83B613B629FD0E5600DC23FB /* Meditation.app */;
			productType = "com.apple.product-type.application";
		};
/* End PBXNativeTarget section */

/* Begin PBXProject section */
		83B613AE29FD0E5600DC23FB /* Project object */ = {
			isa = PBXProject;
			attributes = {
				BuildIndependentTargetsInParallel = 1;
				LastSwiftUpdateCheck = 1420;
				LastUpgradeCheck = 1420;
				TargetAttributes = {
					83B613B529FD0E5600DC23FB = {
						CreatedOnToolsVersion = 14.2;
					};
				};
			};
			buildConfigurationList = 83B613B129FD0E5600DC23FB /* Build configuration list for PBXProject "Meditation" */;
			compatibilityVersion = "Xcode 14.0";
			developmentRegion = en;
			hasScannedForEncodings = 0;
			knownRegions = (
				en,
				Base,
			);
			mainGroup = 83B613AD29FD0E5600DC23FB;
			productRefGroup = 83B613B729FD0E5600DC23FB /* Products */;
			projectDirPath = "";
			projectRoot = "";
			targets = (
				83B613B529FD0E5600DC23FB /* Meditation */,
			);
		};
/* End PBXProject section */

/* Begin PBXResourcesBuildPhase section */
		83B613B429FD0E5600DC23FB /* Resources */ = {
			isa = PBXResourcesBuildPhase;
			buildActionMask = 2147483647;
			files = (
				83B613D529FEC61C00DC23FB /* moonshine.mp3 in Resources */,
				83B613C129FD0E5A00DC23FB /* Preview Assets.xcassets in Resources */,
				83B613BE29FD0E5A00DC23FB /* Assets.xcassets in Resources */,
			);
			runOnlyForDeploymentPostprocessing = 0;
		};
/* End PBXResourcesBuildPhase section */

/* Begin PBXSourcesBuildPhase section */
		83B613B229FD0E5600DC23FB /* Sources */ = {
			isa = PBXSourcesBuildPhase;
			buildActionMask = 2147483647;
			files = (
				83B613BC29FD0E5600DC23FB /* ContentView.swift in Sources */,
				83B613C829FD140A00DC23FB /* MeditationView.swift in Sources */,
				83B613D229FD81E900DC23FB /* AudioManager.swift in Sources */,
				83B613BA29FD0E5600DC23FB /* MeditationApp.swift in Sources */,
				83B613CC29FD305400DC23FB /* PlaybackControllButton.swift in Sources */,
				83B613CE29FD57DA00DC23FB /* MeditationViewModel.swift in Sources */,
				83B613CA29FD2ACC00DC23FB /* PlayerView.swift in Sources */,
				83B613D029FD6CC100DC23FB /* Extentions.swift in Sources */,
			);
			runOnlyForDeploymentPostprocessing = 0;
		};
/* End PBXSourcesBuildPhase section */

/* Begin XCBuildConfiguration section */
		83B613C229FD0E5A00DC23FB /* Debug */ = {
			isa = XCBuildConfiguration;
			buildSettings = {
				ALWAYS_SEARCH_USER_PATHS = NO;
				CLANG_ANALYZER_NONNULL = YES;
				CLANG_ANALYZER_NUMBER_OBJECT_CONVERSION = YES_AGGRESSIVE;
				CLANG_CXX_LANGUAGE_STANDARD = "gnu++20";
				CLANG_ENABLE_MODULES = YES;
				CLANG_ENABLE_OBJC_ARC = YES;
				CLANG_ENABLE_OBJC_WEAK = YES;
				CLANG_WARN_BLOCK_CAPTURE_AUTORELEASING = YES;
				CLANG_WARN_BOOL_CONVERSION = YES;
				CLANG_WARN_COMMA = YES;
				CLANG_WARN_CONSTANT_CONVERSION = YES;
				CLANG_WARN_DEPRECATED_OBJC_IMPLEMENTATIONS = YES;
				CLANG_WARN_DIRECT_OBJC_ISA_USAGE = YES_ERROR;
				CLANG_WARN_DOCUMENTATION_COMMENTS = YES;
				CLANG_WARN_EMPTY_BODY = YES;
				CLANG_WARN_ENUM_CONVERSION = YES;
				CLANG_WARN_INFINITE_RECURSION = YES;
				CLANG_WARN_INT_CONVERSION = YES;
				CLANG_WARN_NON_LITERAL_NULL_CONVERSION = YES;
				CLANG_WARN_OBJC_IMPLICIT_RETAIN_SELF = YES;
				CLANG_WARN_OBJC_LITERAL_CONVERSION = YES;
				CLANG_WARN_OBJC_ROOT_CLASS = YES_ERROR;
				CLANG_WARN_QUOTED_INCLUDE_IN_FRAMEWORK_HEADER = YES;
				CLANG_WARN_RANGE_LOOP_ANALYSIS = YES;
				CLANG_WARN_STRICT_PROTOTYPES = YES;
				CLANG_WARN_SUSPICIOUS_MOVE = YES;
				CLANG_WARN_UNGUARDED_AVAILABILITY = YES_AGGRESSIVE;
				CLANG_WARN_UNREACHABLE_CODE = YES;
				CLANG_WARN__DUPLICATE_METHOD_MATCH = YES;
				COPY_PHASE_STRIP = NO;
				DEBUG_INFORMATION_FORMAT = dwarf;
				ENABLE_STRICT_OBJC_MSGSEND = YES;
				ENABLE_TESTABILITY = YES;
				GCC_C_LANGUAGE_STANDARD = gnu11;
				GCC_DYNAMIC_NO_PIC = NO;
				GCC_NO_COMMON_BLOCKS = YES;
				GCC_OPTIMIZATION_LEVEL = 0;
				GCC_PREPROCESSOR_DEFINITIONS = (
					"DEBUG=1",
					"$(inherited)",
				);
				GCC_WARN_64_TO_32_BIT_CONVERSION = YES;
				GCC_WARN_ABOUT_RETURN_TYPE = YES_ERROR;
				GCC_WARN_UNDECLARED_SELECTOR = YES;
				GCC_WARN_UNINITIALIZED_AUTOS = YES_AGGRESSIVE;
				GCC_WARN_UNUSED_FUNCTION = YES;
				GCC_WARN_UNUSED_VARIABLE = YES;
				IPHONEOS_DEPLOYMENT_TARGET = 16.2;
				MTL_ENABLE_DEBUG_INFO = INCLUDE_SOURCE;
				MTL_FAST_MATH = YES;
				ONLY_ACTIVE_ARCH = YES;
				SDKROOT = iphoneos;
				SWIFT_ACTIVE_COMPILATION_CONDITIONS = DEBUG;
				SWIFT_OPTIMIZATION_LEVEL = "-Onone";
			};
			name = Debug;
		};
		83B613C329FD0E5A00DC23FB /* Release */ = {
			isa = XCBuildConfiguration;
			buildSettings = {
				ALWAYS_SEARCH_USER_PATHS = NO;
				CLANG_ANALYZER_NONNULL = YES;
				CLANG_ANALYZER_NUMBER_OBJECT_CONVERSION = YES_AGGRESSIVE;
				CLANG_CXX_LANGUAGE_STANDARD = "gnu++20";
				CLANG_ENABLE_MODULES = YES;
				CLANG_ENABLE_OBJC_ARC = YES;
				CLANG_ENABLE_OBJC_WEAK = YES;
				CLANG_WARN_BLOCK_CAPTURE_AUTORELEASING = YES;
				CLANG_WARN_BOOL_CONVERSION = YES;
				CLANG_WARN_COMMA = YES;
				CLANG_WARN_CONSTANT_CONVERSION = YES;
				CLANG_WARN_DEPRECATED_OBJC_IMPLEMENTATIONS = YES;
				CLANG_WARN_DIRECT_OBJC_ISA_USAGE = YES_ERROR;
				CLANG_WARN_DOCUMENTATION_COMMENTS = YES;
				CLANG_WARN_EMPTY_BODY = YES;
				CLANG_WARN_ENUM_CONVERSION = YES;
				CLANG_WARN_INFINITE_RECURSION = YES;
				CLANG_WARN_INT_CONVERSION = YES;
				CLANG_WARN_NON_LITERAL_NULL_CONVERSION = YES;
				CLANG_WARN_OBJC_IMPLICIT_RETAIN_SELF = YES;
				CLANG_WARN_OBJC_LITERAL_CONVERSION = YES;
				CLANG_WARN_OBJC_ROOT_CLASS = YES_ERROR;
				CLANG_WARN_QUOTED_INCLUDE_IN_FRAMEWORK_HEADER = YES;
				CLANG_WARN_RANGE_LOOP_ANALYSIS = YES;
				CLANG_WARN_STRICT_PROTOTYPES = YES;
				CLANG_WARN_SUSPICIOUS_MOVE = YES;
				CLANG_WARN_UNGUARDED_AVAILABILITY = YES_AGGRESSIVE;
				CLANG_WARN_UNREACHABLE_CODE = YES;
				CLANG_WARN__DUPLICATE_METHOD_MATCH = YES;
				COPY_PHASE_STRIP = NO;
				DEBUG_INFORMATION_FORMAT = "dwarf-with-dsym";
				ENABLE_NS_ASSERTIONS = NO;
				ENABLE_STRICT_OBJC_MSGSEND = YES;
				GCC_C_LANGUAGE_STANDARD = gnu11;
				GCC_NO_COMMON_BLOCKS = YES;
				GCC_WARN_64_TO_32_BIT_CONVERSION = YES;
				GCC_WARN_ABOUT_RETURN_TYPE = YES_ERROR;
				GCC_WARN_UNDECLARED_SELECTOR = YES;
				GCC_WARN_UNINITIALIZED_AUTOS = YES_AGGRESSIVE;
				GCC_WARN_UNUSED_FUNCTION = YES;
				GCC_WARN_UNUSED_VARIABLE = YES;
				IPHONEOS_DEPLOYMENT_TARGET = 16.2;
				MTL_ENABLE_DEBUG_INFO = NO;
				MTL_FAST_MATH = YES;
				SDKROOT = iphoneos;
				SWIFT_COMPILATION_MODE = wholemodule;
				SWIFT_OPTIMIZATION_LEVEL = "-O";
				VALIDATE_PRODUCT = YES;
			};
			name = Release;
		};
		83B613C529FD0E5A00DC23FB /* Debug */ = {
			isa = XCBuildConfiguration;
			buildSettings = {
				ASSETCATALOG_COMPILER_APPICON_NAME = AppIcon;
				ASSETCATALOG_COMPILER_GLOBAL_ACCENT_COLOR_NAME = AccentColor;
				CODE_SIGN_STYLE = Automatic;
				CURRENT_PROJECT_VERSION = 1;
				DEVELOPMENT_ASSET_PATHS = "\"Meditation/Preview Content\"";
				ENABLE_PREVIEWS = YES;
				GENERATE_INFOPLIST_FILE = YES;
				INFOPLIST_FILE = Meditation/Info.plist;
				INFOPLIST_KEY_UIApplicationSupportsIndirectInputEvents = YES;
				INFOPLIST_KEY_UILaunchScreen_Generation = YES;
				INFOPLIST_KEY_UISupportedInterfaceOrientations_iPad = "UIInterfaceOrientationPortrait UIInterfaceOrientationPortraitUpsideDown UIInterfaceOrientationLandscapeLeft UIInterfaceOrientationLandscapeRight";
				INFOPLIST_KEY_UISupportedInterfaceOrientations_iPhone = "UIInterfaceOrientationPortrait UIInterfaceOrientationLandscapeLeft UIInterfaceOrientationLandscapeRight";
				LD_RUNPATH_SEARCH_PATHS = (
					"$(inherited)",
					"@executable_path/Frameworks",
				);
				MARKETING_VERSION = 1.0;
				PRODUCT_BUNDLE_IDENTIFIER = wws.Meditation;
				PRODUCT_NAME = "$(TARGET_NAME)";
				SWIFT_EMIT_LOC_STRINGS = YES;
				SWIFT_VERSION = 5.0;
				TARGETED_DEVICE_FAMILY = "1,2";
			};
			name = Debug;
		};
		83B613C629FD0E5A00DC23FB /* Release */ = {
			isa = XCBuildConfiguration;
			buildSettings = {
				ASSETCATALOG_COMPILER_APPICON_NAME = AppIcon;
				ASSETCATALOG_COMPILER_GLOBAL_ACCENT_COLOR_NAME = AccentColor;
				CODE_SIGN_STYLE = Automatic;
				CURRENT_PROJECT_VERSION = 1;
				DEVELOPMENT_ASSET_PATHS = "\"Meditation/Preview Content\"";
				ENABLE_PREVIEWS = YES;
				GENERATE_INFOPLIST_FILE = YES;
				INFOPLIST_FILE = Meditation/Info.plist;
				INFOPLIST_KEY_UIApplicationSupportsIndirectInputEvents = YES;
				INFOPLIST_KEY_UILaunchScreen_Generation = YES;
				INFOPLIST_KEY_UISupportedInterfaceOrientations_iPad = "UIInterfaceOrientationPortrait UIInterfaceOrientationPortraitUpsideDown UIInterfaceOrientationLandscapeLeft UIInterfaceOrientationLandscapeRight";
				INFOPLIST_KEY_UISupportedInterfaceOrientations_iPhone = "UIInterfaceOrientationPortrait UIInterfaceOrientationLandscapeLeft UIInterfaceOrientationLandscapeRight";
				LD_RUNPATH_SEARCH_PATHS = (
					"$(inherited)",
					"@executable_path/Frameworks",
				);
				MARKETING_VERSION = 1.0;
				PRODUCT_BUNDLE_IDENTIFIER = wws.Meditation;
				PRODUCT_NAME = "$(TARGET_NAME)";
				SWIFT_EMIT_LOC_STRINGS = YES;
				SWIFT_VERSION = 5.0;
				TARGETED_DEVICE_FAMILY = "1,2";
			};
			name = Release;
		};
/* End XCBuildConfiguration section */

/* Begin XCConfigurationList section */
		83B613B129FD0E5600DC23FB /* Build configuration list for PBXProject "Meditation" */ = {
			isa = XCConfigurationList;
			buildConfigurations = (
				83B613C229FD0E5A00DC23FB /* Debug */,
				83B613C329FD0E5A00DC23FB /* Release */,
			);
			defaultConfigurationIsVisible = 0;
			defaultConfigurationName = Release;
		};
		83B613C429FD0E5A00DC23FB /* Build configuration list for PBXNativeTarget "Meditation" */ = {
			isa = XCConfigurationList;
			buildConfigurations = (
				83B613C529FD0E5A00DC23FB /* Debug */,
				83B613C629FD0E5A00DC23FB /* Release */,
			);
			defaultConfigurationIsVisible = 0;
			defaultConfigurationName = Release;
		};
/* End XCConfigurationList section */
	};
	rootObject = 83B613AE29FD0E5600DC23FB /* Project object */;
}
